{
  "requires": true,
  "lockfileVersion": 1,
  "dependencies": {
    "eslint-config-prettier": {
      "version": "9.1.0",
      "resolved": "https://registry.npmjs.org/eslint-config-prettier/-/eslint-config-prettier-9.1.0.tgz",
      "integrity": "sha512-NSWl5BFQWEPi1j4TjVNItzYV7dZXZ+wP6I6ZhrBGpChQhZRUaElihE9uRRkcbRnNb76UMKDF3r+WTmNcGPKsqw=="
    },
    "prettier": {
      "version": "3.3.3",
      "resolved": "https://registry.npmjs.org/prettier/-/prettier-3.3.3.tgz",
      "integrity": "sha512-i2tDNA0O5IrMO757lfrdQZCc2jPNDVntV0m/+4whiDfWaTKfMNgR7Qz0NAeGz/nRqF4m5/6CLzbP4/liHt12Ew=="
    }
  }
}
